
Microsoft Visual Studio Solution File, Format Version 12.00
# Visual Studio Version 16
VisualStudioVersion = 16.0.31729.503
MinimumVisualStudioVersion = 10.0.40219.1
Project("{FAE04EC0-301F-11D3-BF4B-00C04F79EFBC}") = "TrabalhandoComArquivos3", "TrabalhandoComArquivos3\TrabalhandoComArquivos3.csproj", "{D21AF7CB-7A08-49FC-A930-625CD8EB6307}"
EndProject
Global
	GlobalSection(SolutionConfigurationPlatforms) = preSolution
		Debug|Any CPU = Debug|Any CPU
		Release|Any CPU = Release|Any CPU
	EndGlobalSection
	GlobalSection(ProjectConfigurationPlatforms) = postSolution
		{D21AF7CB-7A08-49FC-A930-625CD8EB6307}.Debug|Any CPU.ActiveCfg = Debug|Any CPU
		{D21AF7CB-7A08-49FC-A930-625CD8EB6307}.Debug|Any CPU.Build.0 = Debug|Any CPU
		{D21AF7CB-7A08-49FC-A930-625CD8EB6307}.Release|Any CPU.ActiveCfg = Release|Any CPU
		{D21AF7CB-7A08-49FC-A930-625CD8EB6307}.Release|Any CPU.Build.0 = Release|Any CPU
	EndGlobalSection
	GlobalSection(SolutionProperties) = preSolution
		HideSolutionNode = FALSE
	EndGlobalSection
	GlobalSection(ExtensibilityGlobals) = postSolution
		SolutionGuid = {C8530126-18D1-4E23-AE97-8270404A9EE1}
	EndGlobalSection
EndGlobal
